
Microsoft Visual Studio Solution File, Format Version 12.00
# Visual Studio 15
VisualStudioVersion = 15.0.27428.1
MinimumVisualStudioVersion = 10.0.40219.1
Project("{FAE04EC0-301F-11D3-BF4B-00C04F79EFBC}") = "SimpleGraphing", "SimpleGraphing\SimpleGraphing.csproj", "{A283C774-E339-4068-8D72-A04EC90655FE}"
EndProject
Project("{FAE04EC0-301F-11D3-BF4B-00C04F79EFBC}") = "SimpleGraphingApp", "SimpleGraphingApp\SimpleGraphingApp.csproj", "{8CA37D7B-FB6E-4D19-8BC8-6A51434038CA}"
EndProject
Global
	GlobalSection(SolutionConfigurationPlatforms) = preSolution
		Debug|Any CPU = Debug|Any CPU
		Release|Any CPU = Release|Any CPU
	EndGlobalSection
	GlobalSection(ProjectConfigurationPlatforms) = postSolution
		{A283C774-E339-4068-8D72-A04EC90655FE}.Debug|Any CPU.ActiveCfg = Debug|Any CPU
		{A283C774-E339-4068-8D72-A04EC90655FE}.Debug|Any CPU.Build.0 = Debug|Any CPU
		{A283C774-E339-4068-8D72-A04EC90655FE}.Release|Any CPU.ActiveCfg = Release|Any CPU
		{A283C774-E339-4068-8D72-A04EC90655FE}.Release|Any CPU.Build.0 = Release|Any CPU
		{8CA37D7B-FB6E-4D19-8BC8-6A51434038CA}.Debug|Any CPU.ActiveCfg = Debug|Any CPU
		{8CA37D7B-FB6E-4D19-8BC8-6A51434038CA}.Debug|Any CPU.Build.0 = Debug|Any CPU
		{8CA37D7B-FB6E-4D19-8BC8-6A51434038CA}.Release|Any CPU.ActiveCfg = Release|Any CPU
		{8CA37D7B-FB6E-4D19-8BC8-6A51434038CA}.Release|Any CPU.Build.0 = Release|Any CPU
	EndGlobalSection
	GlobalSection(SolutionProperties) = preSolution
		HideSolutionNode = FALSE
	EndGlobalSection
	GlobalSection(ExtensibilityGlobals) = postSolution
		SolutionGuid = {B75BE29D-E3B8-457A-9371-36212B5F9FD5}
	EndGlobalSection
EndGlobal
